
Microsoft Visual Studio Solution File, Format Version 12.00
# Visual Studio Version 17
VisualStudioVersion = 17.0.32126.317
MinimumVisualStudioVersion = 10.0.40219.1
Project("{9A19103F-16F7-4668-BE54-9A1E7A4F7556}") = "ChatAPI", "ChatAPI\ChatAPI.csproj", "{B9DE4E0A-CBD4-48BF-B5C7-F3B7436AABE2}"
EndProject
Project("{FAE04EC0-301F-11D3-BF4B-00C04F79EFBC}") = "EmailSenderExample", "EmailSender\EmailSenderExample.csproj", "{AAAAE0B0-A422-45DD-9924-2016784FB4FD}"
EndProject
Global
	GlobalSection(SolutionConfigurationPlatforms) = preSolution
		Debug|Any CPU = Debug|Any CPU
		Release|Any CPU = Release|Any CPU
	EndGlobalSection
	GlobalSection(ProjectConfigurationPlatforms) = postSolution
		{B9DE4E0A-CBD4-48BF-B5C7-F3B7436AABE2}.Debug|Any CPU.ActiveCfg = Debug|Any CPU
		{B9DE4E0A-CBD4-48BF-B5C7-F3B7436AABE2}.Debug|Any CPU.Build.0 = Debug|Any CPU
		{B9DE4E0A-CBD4-48BF-B5C7-F3B7436AABE2}.Release|Any CPU.ActiveCfg = Release|Any CPU
		{B9DE4E0A-CBD4-48BF-B5C7-F3B7436AABE2}.Release|Any CPU.Build.0 = Release|Any CPU
		{AAAAE0B0-A422-45DD-9924-2016784FB4FD}.Debug|Any CPU.ActiveCfg = Debug|Any CPU
		{AAAAE0B0-A422-45DD-9924-2016784FB4FD}.Debug|Any CPU.Build.0 = Debug|Any CPU
		{AAAAE0B0-A422-45DD-9924-2016784FB4FD}.Release|Any CPU.ActiveCfg = Release|Any CPU
		{AAAAE0B0-A422-45DD-9924-2016784FB4FD}.Release|Any CPU.Build.0 = Release|Any CPU
	EndGlobalSection
	GlobalSection(SolutionProperties) = preSolution
		HideSolutionNode = FALSE
	EndGlobalSection
	GlobalSection(ExtensibilityGlobals) = postSolution
		SolutionGuid = {A73A5BB4-BA11-486A-9252-7DB2DCB63913}
	EndGlobalSection
EndGlobal
